// !$*UTF8*$!
{
	archiveVersion = 1;
	classes = {
	};
	objectVersion = 50;
	objects = {

/* Begin PBXBuildFile section */
		995C1CBC246FE8D400570611 /* AppDelegate.swift in Sources */ = {isa = PBXBuildFile; fileRef = 995C1CBB246FE8D400570611 /* AppDelegate.swift */; };
		995C1CBE246FE8D400570611 /* SceneDelegate.swift in Sources */ = {isa = PBXBuildFile; fileRef = 995C1CBD246FE8D400570611 /* SceneDelegate.swift */; };
		995C1CC0246FE8D400570611 /* ContentView.swift in Sources */ = {isa = PBXBuildFile; fileRef = 995C1CBF246FE8D400570611 /* ContentView.swift */; };
		995C1CC2246FE8D500570611 /* Assets.xcassets in Resources */ = {isa = PBXBuildFile; fileRef = 995C1CC1246FE8D500570611 /* Assets.xcassets */; };
		995C1CC5246FE8D500570611 /* Preview Assets.xcassets in Resources */ = {isa = PBXBuildFile; fileRef = 995C1CC4246FE8D500570611 /* Preview Assets.xcassets */; };
		995C1CC8246FE8D500570611 /* LaunchScreen.storyboard in Resources */ = {isa = PBXBuildFile; fileRef = 995C1CC6246FE8D500570611 /* LaunchScreen.storyboard */; };
		995C1CD3246FE8D500570611 /* Covid19_TrackerTests.swift in Sources */ = {isa = PBXBuildFile; fileRef = 995C1CD2246FE8D500570611 /* Covid19_TrackerTests.swift */; };
		995C1CDE246FE8D500570611 /* Covid19_TrackerUITests.swift in Sources */ = {isa = PBXBuildFile; fileRef = 995C1CDD246FE8D500570611 /* Covid19_TrackerUITests.swift */; };
/* End PBXBuildFile section */

/* Begin PBXContainerItemProxy section */
		995C1CCF246FE8D500570611 /* PBXContainerItemProxy */ = {
			isa = PBXContainerItemProxy;
			containerPortal = 995C1CB0246FE8D400570611 /* Project object */;
			proxyType = 1;
			remoteGlobalIDString = 995C1CB7246FE8D400570611;
			remoteInfo = "Covid19 Tracker";
		};
		995C1CDA246FE8D500570611 /* PBXContainerItemProxy */ = {
			isa = PBXContainerItemProxy;
			containerPortal = 995C1CB0246FE8D400570611 /* Project object */;
			proxyType = 1;
			remoteGlobalIDString = 995C1CB7246FE8D400570611;
			remoteInfo = "Covid19 Tracker";
		};
/* End PBXContainerItemProxy section */

/* Begin PBXFileReference section */
		995C1CB8246FE8D400570611 /* Covid19 Tracker.app */ = {isa = PBXFileReference; explicitFileType = wrapper.application; includeInIndex = 0; path = "Covid19 Tracker.app"; sourceTree = BUILT_PRODUCTS_DIR; };
		995C1CBB246FE8D400570611 /* AppDelegate.swift */ = {isa = PBXFileReference; lastKnownFileType = sourcecode.swift; path = AppDelegate.swift; sourceTree = "<group>"; };
		995C1CBD246FE8D400570611 /* SceneDelegate.swift */ = {isa = PBXFileReference; lastKnownFileType = sourcecode.swift; path = SceneDelegate.swift; sourceTree = "<group>"; };
		995C1CBF246FE8D400570611 /* ContentView.swift */ = {isa = PBXFileReference; lastKnownFileType = sourcecode.swift; path = ContentView.swift; sourceTree = "<group>"; };
		995C1CC1246FE8D500570611 /* Assets.xcassets */ = {isa = PBXFileReference; lastKnownFileType = folder.assetcatalog; path = Assets.xcassets; sourceTree = "<group>"; };
		995C1CC4246FE8D500570611 /* Preview Assets.xcassets */ = {isa = PBXFileReference; lastKnownFileType = folder.assetcatalog; path = "Preview Assets.xcassets"; sourceTree = "<group>"; };
		995C1CC7246FE8D500570611 /* Base */ = {isa = PBXFileReference; lastKnownFileType = file.storyboard; name = Base; path = Base.lproj/LaunchScreen.storyboard; sourceTree = "<group>"; };
		995C1CC9246FE8D500570611 /* Info.plist */ = {isa = PBXFileReference; lastKnownFileType = text.plist.xml; path = Info.plist; sourceTree = "<group>"; };
		995C1CCE246FE8D500570611 /* Covid19 TrackerTests.xctest */ = {isa = PBXFileReference; explicitFileType = wrapper.cfbundle; includeInIndex = 0; path = "Covid19 TrackerTests.xctest"; sourceTree = BUILT_PRODUCTS_DIR; };
		995C1CD2246FE8D500570611 /* Covid19_TrackerTests.swift */ = {isa = PBXFileReference; lastKnownFileType = sourcecode.swift; path = Covid19_TrackerTests.swift; sourceTree = "<group>"; };
		995C1CD4246FE8D500570611 /* Info.plist */ = {isa = PBXFileReference; lastKnownFileType = text.plist.xml; path = Info.plist; sourceTree = "<group>"; };
		995C1CD9246FE8D500570611 /* Covid19 TrackerUITests.xctest */ = {isa = PBXFileReference; explicitFileType = wrapper.cfbundle; includeInIndex = 0; path = "Covid19 TrackerUITests.xctest"; sourceTree = BUILT_PRODUCTS_DIR; };
		995C1CDD246FE8D500570611 /* Covid19_TrackerUITests.swift */ = {isa = PBXFileReference; lastKnownFileType = sourcecode.swift; path = Covid19_TrackerUITests.swift; sourceTree = "<group>"; };
		995C1CDF246FE8D500570611 /* Info.plist */ = {isa = PBXFileReference; lastKnownFileType = text.plist.xml; path = Info.plist; sourceTree = "<group>"; };
/* End PBXFileReference section */

/* Begin PBXFrameworksBuildPhase section */
		995C1CB5246FE8D400570611 /* Frameworks */ = {
			isa = PBXFrameworksBuildPhase;
			buildActionMask = 2147483647;
			files = (
			);
			runOnlyForDeploymentPostprocessing = 0;
		};
		995C1CCB246FE8D500570611 /* Frameworks */ = {
			isa = PBXFrameworksBuildPhase;
			buildActionMask = 2147483647;
			files = (
			);
			runOnlyForDeploymentPostprocessing = 0;
		};
		995C1CD6246FE8D500570611 /* Frameworks */ = {
			isa = PBXFrameworksBuildPhase;
			buildActionMask = 2147483647;
			files = (
			);
			runOnlyForDeploymentPostprocessing = 0;
		};
/* End PBXFrameworksBuildPhase section */

/* Begin PBXGroup section */
		995C1CAF246FE8D400570611 = {
			isa = PBXGroup;
			children = (
				995C1CBA246FE8D400570611 /* Covid19 Tracker */,
				995C1CD1246FE8D500570611 /* Covid19 TrackerTests */,
				995C1CDC246FE8D500570611 /* Covid19 TrackerUITests */,
				995C1CB9246FE8D400570611 /* Products */,
			);
			sourceTree = "<group>";
		};
		995C1CB9246FE8D400570611 /* Products */ = {
			isa = PBXGroup;
			children = (
				995C1CB8246FE8D400570611 /* Covid19 Tracker.app */,
				995C1CCE246FE8D500570611 /* Covid19 TrackerTests.xctest */,
				995C1CD9246FE8D500570611 /* Covid19 TrackerUITests.xctest */,
			);
			name = Products;
			sourceTree = "<group>";
		};
		995C1CBA246FE8D400570611 /* Covid19 Tracker */ = {
			isa = PBXGroup;
			children = (
				995C1CBB246FE8D400570611 /* AppDelegate.swift */,
				995C1CBD246FE8D400570611 /* SceneDelegate.swift */,
				995C1CBF246FE8D400570611 /* ContentView.swift */,
				995C1CC1246FE8D500570611 /* Assets.xcassets */,
				995C1CC6246FE8D500570611 /* LaunchScreen.storyboard */,
				995C1CC9246FE8D500570611 /* Info.plist */,
				995C1CC3246FE8D500570611 /* Preview Content */,
			);
			path = "Covid19 Tracker";
			sourceTree = "<group>";
		};
		995C1CC3246FE8D500570611 /* Preview Content */ = {
			isa = PBXGroup;
			children = (
				995C1CC4246FE8D500570611 /* Preview Assets.xcassets */,
			);
			path = "Preview Content";
			sourceTree = "<group>";
		};
		995C1CD1246FE8D500570611 /* Covid19 TrackerTests */ = {
			isa = PBXGroup;
			children = (
				995C1CD2246FE8D500570611 /* Covid19_TrackerTests.swift */,
				995C1CD4246FE8D500570611 /* Info.plist */,
			);
			path = "Covid19 TrackerTests";
			sourceTree = "<group>";
		};
		995C1CDC246FE8D500570611 /* Covid19 TrackerUITests */ = {
			isa = PBXGroup;
			children = (
				995C1CDD246FE8D500570611 /* Covid19_TrackerUITests.swift */,
				995C1CDF246FE8D500570611 /* Info.plist */,
			);
			path = "Covid19 TrackerUITests";
			sourceTree = "<group>";
		};
/* End PBXGroup section */

/* Begin PBXNativeTarget section */
		995C1CB7246FE8D400570611 /* Covid19 Tracker */ = {
			isa = PBXNativeTarget;
			buildConfigurationList = 995C1CE2246FE8D500570611 /* Build configuration list for PBXNativeTarget "Covid19 Tracker" */;
			buildPhases = (
				995C1CB4246FE8D400570611 /* Sources */,
				995C1CB5246FE8D400570611 /* Frameworks */,
				995C1CB6246FE8D400570611 /* Resources */,
			);
			buildRules = (
			);
			dependencies = (
			);
			name = "Covid19 Tracker";
			productName = "Covid19 Tracker";
			productReference = 995C1CB8246FE8D400570611 /* Covid19 Tracker.app */;
			productType = "com.apple.product-type.application";
		};
		995C1CCD246FE8D500570611 /* Covid19 TrackerTests */ = {
			isa = PBXNativeTarget;
			buildConfigurationList = 995C1CE5246FE8D500570611 /* Build configuration list for PBXNativeTarget "Covid19 TrackerTests" */;
			buildPhases = (
				995C1CCA246FE8D500570611 /* Sources */,
				995C1CCB246FE8D500570611 /* Frameworks */,
				995C1CCC246FE8D500570611 /* Resources */,
			);
			buildRules = (
			);
			dependencies = (
				995C1CD0246FE8D500570611 /* PBXTargetDependency */,
			);
			name = "Covid19 TrackerTests";
			productName = "Covid19 TrackerTests";
			productReference = 995C1CCE246FE8D500570611 /* Covid19 TrackerTests.xctest */;
			productType = "com.apple.product-type.bundle.unit-test";
		};
		995C1CD8246FE8D500570611 /* Covid19 TrackerUITests */ = {
			isa = PBXNativeTarget;
			buildConfigurationList = 995C1CE8246FE8D500570611 /* Build configuration list for PBXNativeTarget "Covid19 TrackerUITests" */;
			buildPhases = (
				995C1CD5246FE8D500570611 /* Sources */,
				995C1CD6246FE8D500570611 /* Frameworks */,
				995C1CD7246FE8D500570611 /* Resources */,
			);
			buildRules = (
			);
			dependencies = (
				995C1CDB246FE8D500570611 /* PBXTargetDependency */,
			);
			name = "Covid19 TrackerUITests";
			productName = "Covid19 TrackerUITests";
			productReference = 995C1CD9246FE8D500570611 /* Covid19 TrackerUITests.xctest */;
			productType = "com.apple.product-type.bundle.ui-testing";
		};
/* End PBXNativeTarget section */

/* Begin PBXProject section */
		995C1CB0246FE8D400570611 /* Project object */ = {
			isa = PBXProject;
			attributes = {
				LastSwiftUpdateCheck = 1140;
				LastUpgradeCheck = 1140;
				ORGANIZATIONNAME = redwine;
				TargetAttributes = {
					995C1CB7246FE8D400570611 = {
						CreatedOnToolsVersion = 11.4.1;
					};
					995C1CCD246FE8D500570611 = {
						CreatedOnToolsVersion = 11.4.1;
						TestTargetID = 995C1CB7246FE8D400570611;
					};
					995C1CD8246FE8D500570611 = {
						CreatedOnToolsVersion = 11.4.1;
						TestTargetID = 995C1CB7246FE8D400570611;
					};
				};
			};
			buildConfigurationList = 995C1CB3246FE8D400570611 /* Build configuration list for PBXProject "Covid19 Tracker" */;
			compatibilityVersion = "Xcode 9.3";
			developmentRegion = en;
			hasScannedForEncodings = 0;
			knownRegions = (
				en,
				Base,
			);
			mainGroup = 995C1CAF246FE8D400570611;
			productRefGroup = 995C1CB9246FE8D400570611 /* Products */;
			projectDirPath = "";
			projectRoot = "";
			targets = (
				995C1CB7246FE8D400570611 /* Covid19 Tracker */,
				995C1CCD246FE8D500570611 /* Covid19 TrackerTests */,
				995C1CD8246FE8D500570611 /* Covid19 TrackerUITests */,
			);
		};
/* End PBXProject section */

/* Begin PBXResourcesBuildPhase section */
		995C1CB6246FE8D400570611 /* Resources */ = {
			isa = PBXResourcesBuildPhase;
			buildActionMask = 2147483647;
			files = (
				995C1CC8246FE8D500570611 /* LaunchScreen.storyboard in Resources */,
				995C1CC5246FE8D500570611 /* Preview Assets.xcassets in Resources */,
				995C1CC2246FE8D500570611 /* Assets.xcassets in Resources */,
			);
			runOnlyForDeploymentPostprocessing = 0;
		};
		995C1CCC246FE8D500570611 /* Resources */ = {
			isa = PBXResourcesBuildPhase;
			buildActionMask = 2147483647;
			files = (
			);
			runOnlyForDeploymentPostprocessing = 0;
		};
		995C1CD7246FE8D500570611 /* Resources */ = {
			isa = PBXResourcesBuildPhase;
			buildActionMask = 2147483647;
			files = (
			);
			runOnlyForDeploymentPostprocessing = 0;
		};
/* End PBXResourcesBuildPhase section */

/* Begin PBXSourcesBuildPhase section */
		995C1CB4246FE8D400570611 /* Sources */ = {
			isa = PBXSourcesBuildPhase;
			buildActionMask = 2147483647;
			files = (
				995C1CBC246FE8D400570611 /* AppDelegate.swift in Sources */,
				995C1CBE246FE8D400570611 /* SceneDelegate.swift in Sources */,
				995C1CC0246FE8D400570611 /* ContentView.swift in Sources */,
			);
			runOnlyForDeploymentPostprocessing = 0;
		};
		995C1CCA246FE8D500570611 /* Sources */ = {
			isa = PBXSourcesBuildPhase;
			buildActionMask = 2147483647;
			files = (
				995C1CD3246FE8D500570611 /* Covid19_TrackerTests.swift in Sources */,
			);
			runOnlyForDeploymentPostprocessing = 0;
		};
		995C1CD5246FE8D500570611 /* Sources */ = {
			isa = PBXSourcesBuildPhase;
			buildActionMask = 2147483647;
			files = (
				995C1CDE246FE8D500570611 /* Covid19_TrackerUITests.swift in Sources */,
			);
			runOnlyForDeploymentPostprocessing = 0;
		};
/* End PBXSourcesBuildPhase section */

/* Begin PBXTargetDependency section */
		995C1CD0246FE8D500570611 /* PBXTargetDependency */ = {
			isa = PBXTargetDependency;
			target = 995C1CB7246FE8D400570611 /* Covid19 Tracker */;
			targetProxy = 995C1CCF246FE8D500570611 /* PBXContainerItemProxy */;
		};
		995C1CDB246FE8D500570611 /* PBXTargetDependency */ = {
			isa = PBXTargetDependency;
			target = 995C1CB7246FE8D400570611 /* Covid19 Tracker */;
			targetProxy = 995C1CDA246FE8D500570611 /* PBXContainerItemProxy */;
		};
/* End PBXTargetDependency section */

/* Begin PBXVariantGroup section */
		995C1CC6246FE8D500570611 /* LaunchScreen.storyboard */ = {
			isa = PBXVariantGroup;
			children = (
				995C1CC7246FE8D500570611 /* Base */,
			);
			name = LaunchScreen.storyboard;
			sourceTree = "<group>";
		};
/* End PBXVariantGroup section */

/* Begin XCBuildConfiguration section */
		995C1CE0246FE8D500570611 /* Debug */ = {
			isa = XCBuildConfiguration;
			buildSettings = {
				ALWAYS_SEARCH_USER_PATHS = NO;
				CLANG_ANALYZER_NONNULL = YES;
				CLANG_ANALYZER_NUMBER_OBJECT_CONVERSION = YES_AGGRESSIVE;
				CLANG_CXX_LANGUAGE_STANDARD = "gnu++14";
				CLANG_CXX_LIBRARY = "libc++";
				CLANG_ENABLE_MODULES = YES;
				CLANG_ENABLE_OBJC_ARC = YES;
				CLANG_ENABLE_OBJC_WEAK = YES;
				CLANG_WARN_BLOCK_CAPTURE_AUTORELEASING = YES;
				CLANG_WARN_BOOL_CONVERSION = YES;
				CLANG_WARN_COMMA = YES;
				CLANG_WARN_CONSTANT_CONVERSION = YES;
				CLANG_WARN_DEPRECATED_OBJC_IMPLEMENTATIONS = YES;
				CLANG_WARN_DIRECT_OBJC_ISA_USAGE = YES_ERROR;
				CLANG_WARN_DOCUMENTATION_COMMENTS = YES;
				CLANG_WARN_EMPTY_BODY = YES;
				CLANG_WARN_ENUM_CONVERSION = YES;
				CLANG_WARN_INFINITE_RECURSION = YES;
				CLANG_WARN_INT_CONVERSION = YES;
				CLANG_WARN_NON_LITERAL_NULL_CONVERSION = YES;
				CLANG_WARN_OBJC_IMPLICIT_RETAIN_SELF = YES;
				CLANG_WARN_OBJC_LITERAL_CONVERSION = YES;
				CLANG_WARN_OBJC_ROOT_CLASS = YES_ERROR;
				CLANG_WARN_RANGE_LOOP_ANALYSIS = YES;
				CLANG_WARN_STRICT_PROTOTYPES = YES;
				CLANG_WARN_SUSPICIOUS_MOVE = YES;
				CLANG_WARN_UNGUARDED_AVAILABILITY = YES_AGGRESSIVE;
				CLANG_WARN_UNREACHABLE_CODE = YES;
				CLANG_WARN__DUPLICATE_METHOD_MATCH = YES;
				COPY_PHASE_STRIP = NO;
				DEBUG_INFORMATION_FORMAT = dwarf;
				ENABLE_STRICT_OBJC_MSGSEND = YES;
				ENABLE_TESTABILITY = YES;
				GCC_C_LANGUAGE_STANDARD = gnu11;
				GCC_DYNAMIC_NO_PIC = NO;
				GCC_NO_COMMON_BLOCKS = YES;
				GCC_OPTIMIZATION_LEVEL = 0;
				GCC_PREPROCESSOR_DEFINITIONS = (
					"DEBUG=1",
					"$(inherited)",
				);
				GCC_WARN_64_TO_32_BIT_CONVERSION = YES;
				GCC_WARN_ABOUT_RETURN_TYPE = YES_ERROR;
				GCC_WARN_UNDECLARED_SELECTOR = YES;
				GCC_WARN_UNINITIALIZED_AUTOS = YES_AGGRESSIVE;
				GCC_WARN_UNUSED_FUNCTION = YES;
				GCC_WARN_UNUSED_VARIABLE = YES;
				IPHONEOS_DEPLOYMENT_TARGET = 13.4;
				MTL_ENABLE_DEBUG_INFO = INCLUDE_SOURCE;
				MTL_FAST_MATH = YES;
				ONLY_ACTIVE_ARCH = YES;
				SDKROOT = iphoneos;
				SWIFT_ACTIVE_COMPILATION_CONDITIONS = DEBUG;
				SWIFT_OPTIMIZATION_LEVEL = "-Onone";
			};
			name = Debug;
		};
		995C1CE1246FE8D500570611 /* Release */ = {
			isa = XCBuildConfiguration;
			buildSettings = {
				ALWAYS_SEARCH_USER_PATHS = NO;
				CLANG_ANALYZER_NONNULL = YES;
				CLANG_ANALYZER_NUMBER_OBJECT_CONVERSION = YES_AGGRESSIVE;
				CLANG_CXX_LANGUAGE_STANDARD = "gnu++14";
				CLANG_CXX_LIBRARY = "libc++";
				CLANG_ENABLE_MODULES = YES;
				CLANG_ENABLE_OBJC_ARC = YES;
				CLANG_ENABLE_OBJC_WEAK = YES;
				CLANG_WARN_BLOCK_CAPTURE_AUTORELEASING = YES;
				CLANG_WARN_BOOL_CONVERSION = YES;
				CLANG_WARN_COMMA = YES;
				CLANG_WARN_CONSTANT_CONVERSION = YES;
				CLANG_WARN_DEPRECATED_OBJC_IMPLEMENTATIONS = YES;
				CLANG_WARN_DIRECT_OBJC_ISA_USAGE = YES_ERROR;
				CLANG_WARN_DOCUMENTATION_COMMENTS = YES;
				CLANG_WARN_EMPTY_BODY = YES;
				CLANG_WARN_ENUM_CONVERSION = YES;
				CLANG_WARN_INFINITE_RECURSION = YES;
				CLANG_WARN_INT_CONVERSION = YES;
				CLANG_WARN_NON_LITERAL_NULL_CONVERSION = YES;
				CLANG_WARN_OBJC_IMPLICIT_RETAIN_SELF = YES;
				CLANG_WARN_OBJC_LITERAL_CONVERSION = YES;
				CLANG_WARN_OBJC_ROOT_CLASS = YES_ERROR;
				CLANG_WARN_RANGE_LOOP_ANALYSIS = YES;
				CLANG_WARN_STRICT_PROTOTYPES = YES;
				CLANG_WARN_SUSPICIOUS_MOVE = YES;
				CLANG_WARN_UNGUARDED_AVAILABILITY = YES_AGGRESSIVE;
				CLANG_WARN_UNREACHABLE_CODE = YES;
				CLANG_WARN__DUPLICATE_METHOD_MATCH = YES;
				COPY_PHASE_STRIP = NO;
				DEBUG_INFORMATION_FORMAT = "dwarf-with-dsym";
				ENABLE_NS_ASSERTIONS = NO;
				ENABLE_STRICT_OBJC_MSGSEND = YES;
				GCC_C_LANGUAGE_STANDARD = gnu11;
				GCC_NO_COMMON_BLOCKS = YES;
				GCC_WARN_64_TO_32_BIT_CONVERSION = YES;
				GCC_WARN_ABOUT_RETURN_TYPE = YES_ERROR;
				GCC_WARN_UNDECLARED_SELECTOR = YES;
				GCC_WARN_UNINITIALIZED_AUTOS = YES_AGGRESSIVE;
				GCC_WARN_UNUSED_FUNCTION = YES;
				GCC_WARN_UNUSED_VARIABLE = YES;
				IPHONEOS_DEPLOYMENT_TARGET = 13.4;
				MTL_ENABLE_DEBUG_INFO = NO;
				MTL_FAST_MATH = YES;
				SDKROOT = iphoneos;
				SWIFT_COMPILATION_MODE = wholemodule;
				SWIFT_OPTIMIZATION_LEVEL = "-O";
				VALIDATE_PRODUCT = YES;
			};
			name = Release;
		};
		995C1CE3246FE8D500570611 /* Debug */ = {
			isa = XCBuildConfiguration;
			buildSettings = {
				ASSETCATALOG_COMPILER_APPICON_NAME = AppIcon;
				CODE_SIGN_STYLE = Automatic;
				DEVELOPMENT_ASSET_PATHS = "\"Covid19 Tracker/Preview Content\"";
				ENABLE_PREVIEWS = YES;
				INFOPLIST_FILE = "Covid19 Tracker/Info.plist";
				LD_RUNPATH_SEARCH_PATHS = (
					"$(inherited)",
					"@executable_path/Frameworks",
				);
				PRODUCT_BUNDLE_IDENTIFIER = "redwine.Covid19-Tracker";
				PRODUCT_NAME = "$(TARGET_NAME)";
				SWIFT_VERSION = 5.0;
				TARGETED_DEVICE_FAMILY = "1,2";
			};
			name = Debug;
		};
		995C1CE4246FE8D500570611 /* Release */ = {
			isa = XCBuildConfiguration;
			buildSettings = {
				ASSETCATALOG_COMPILER_APPICON_NAME = AppIcon;
				CODE_SIGN_STYLE = Automatic;
				DEVELOPMENT_ASSET_PATHS = "\"Covid19 Tracker/Preview Content\"";
				ENABLE_PREVIEWS = YES;
				INFOPLIST_FILE = "Covid19 Tracker/Info.plist";
				LD_RUNPATH_SEARCH_PATHS = (
					"$(inherited)",
					"@executable_path/Frameworks",
				);
				PRODUCT_BUNDLE_IDENTIFIER = "redwine.Covid19-Tracker";
				PRODUCT_NAME = "$(TARGET_NAME)";
				SWIFT_VERSION = 5.0;
				TARGETED_DEVICE_FAMILY = "1,2";
			};
			name = Release;
		};
		995C1CE6246FE8D500570611 /* Debug */ = {
			isa = XCBuildConfiguration;
			buildSettings = {
				ALWAYS_EMBED_SWIFT_STANDARD_LIBRARIES = YES;
				BUNDLE_LOADER = "$(TEST_HOST)";
				CODE_SIGN_STYLE = Automatic;
				INFOPLIST_FILE = "Covid19 TrackerTests/Info.plist";
				IPHONEOS_DEPLOYMENT_TARGET = 13.4;
				LD_RUNPATH_SEARCH_PATHS = (
					"$(inherited)",
					"@executable_path/Frameworks",
					"@loader_path/Frameworks",
				);
				PRODUCT_BUNDLE_IDENTIFIER = "redwine.Covid19-TrackerTests";
				PRODUCT_NAME = "$(TARGET_NAME)";
				SWIFT_VERSION = 5.0;
				TARGETED_DEVICE_FAMILY = "1,2";
				TEST_HOST = "$(BUILT_PRODUCTS_DIR)/Covid19 Tracker.app/Covid19 Tracker";
			};
			name = Debug;
		};
		995C1CE7246FE8D500570611 /* Release */ = {
			isa = XCBuildConfiguration;
			buildSettings = {
				ALWAYS_EMBED_SWIFT_STANDARD_LIBRARIES = YES;
				BUNDLE_LOADER = "$(TEST_HOST)";
				CODE_SIGN_STYLE = Automatic;
				INFOPLIST_FILE = "Covid19 TrackerTests/Info.plist";
				IPHONEOS_DEPLOYMENT_TARGET = 13.4;
				LD_RUNPATH_SEARCH_PATHS = (
					"$(inherited)",
					"@executable_path/Frameworks",
					"@loader_path/Frameworks",
				);
				PRODUCT_BUNDLE_IDENTIFIER = "redwine.Covid19-TrackerTests";
				PRODUCT_NAME = "$(TARGET_NAME)";
				SWIFT_VERSION = 5.0;
				TARGETED_DEVICE_FAMILY = "1,2";
				TEST_HOST = "$(BUILT_PRODUCTS_DIR)/Covid19 Tracker.app/Covid19 Tracker";
			};
			name = Release;
		};
		995C1CE9246FE8D500570611 /* Debug */ = {
			isa = XCBuildConfiguration;
			buildSettings = {
				ALWAYS_EMBED_SWIFT_STANDARD_LIBRARIES = YES;
				CODE_SIGN_STYLE = Automatic;
				INFOPLIST_FILE = "Covid19 TrackerUITests/Info.plist";
				LD_RUNPATH_SEARCH_PATHS = (
					"$(inherited)",
					"@executable_path/Frameworks",
					"@loader_path/Frameworks",
				);
				PRODUCT_BUNDLE_IDENTIFIER = "redwine.Covid19-TrackerUITests";
				PRODUCT_NAME = "$(TARGET_NAME)";
				SWIFT_VERSION = 5.0;
				TARGETED_DEVICE_FAMILY = "1,2";
				TEST_TARGET_NAME = "Covid19 Tracker";
			};
			name = Debug;
		};
		995C1CEA246FE8D500570611 /* Release */ = {
			isa = XCBuildConfiguration;
			buildSettings = {
				ALWAYS_EMBED_SWIFT_STANDARD_LIBRARIES = YES;
				CODE_SIGN_STYLE = Automatic;
				INFOPLIST_FILE = "Covid19 TrackerUITests/Info.plist";
				LD_RUNPATH_SEARCH_PATHS = (
					"$(inherited)",
					"@executable_path/Frameworks",
					"@loader_path/Frameworks",
				);
				PRODUCT_BUNDLE_IDENTIFIER = "redwine.Covid19-TrackerUITests";
				PRODUCT_NAME = "$(TARGET_NAME)";
				SWIFT_VERSION = 5.0;
				TARGETED_DEVICE_FAMILY = "1,2";
				TEST_TARGET_NAME = "Covid19 Tracker";
			};
			name = Release;
		};
/* End XCBuildConfiguration section */

/* Begin XCConfigurationList section */
		995C1CB3246FE8D400570611 /* Build configuration list for PBXProject "Covid19 Tracker" */ = {
			isa = XCConfigurationList;
			buildConfigurations = (
				995C1CE0246FE8D500570611 /* Debug */,
				995C1CE1246FE8D500570611 /* Release */,
			);
			defaultConfigurationIsVisible = 0;
			defaultConfigurationName = Release;
		};
		995C1CE2246FE8D500570611 /* Build configuration list for PBXNativeTarget "Covid19 Tracker" */ = {
			isa = XCConfigurationList;
			buildConfigurations = (
				995C1CE3246FE8D500570611 /* Debug */,
				995C1CE4246FE8D500570611 /* Release */,
			);
			defaultConfigurationIsVisible = 0;
			defaultConfigurationName = Release;
		};
		995C1CE5246FE8D500570611 /* Build configuration list for PBXNativeTarget "Covid19 TrackerTests" */ = {
			isa = XCConfigurationList;
			buildConfigurations = (
				995C1CE6246FE8D500570611 /* Debug */,
				995C1CE7246FE8D500570611 /* Release */,
			);
			defaultConfigurationIsVisible = 0;
			defaultConfigurationName = Release;
		};
		995C1CE8246FE8D500570611 /* Build configuration list for PBXNativeTarget "Covid19 TrackerUITests" */ = {
			isa = XCConfigurationList;
			buildConfigurations = (
				995C1CE9246FE8D500570611 /* Debug */,
				995C1CEA246FE8D500570611 /* Release */,
			);
			defaultConfigurationIsVisible = 0;
			defaultConfigurationName = Release;
		};
/* End XCConfigurationList section */
	};
	rootObject = 995C1CB0246FE8D400570611 /* Project object */;
}
